
Microsoft Visual Studio Solution File, Format Version 12.00
# Visual Studio Version 16
VisualStudioVersion = 16.0.29519.181
MinimumVisualStudioVersion = 10.0.40219.1
Project("{FAE04EC0-301F-11D3-BF4B-00C04F79EFBC}") = "CodeCamp_ClassMethodDemo", "CodeCamp_ClassMethodDemo\CodeCamp_ClassMethodDemo.csproj", "{C6B6CC21-81F9-4EB7-962D-3EB661E257C6}"
EndProject
Global
	GlobalSection(SolutionConfigurationPlatforms) = preSolution
		Debug|Any CPU = Debug|Any CPU
		Release|Any CPU = Release|Any CPU
	EndGlobalSection
	GlobalSection(ProjectConfigurationPlatforms) = postSolution
		{C6B6CC21-81F9-4EB7-962D-3EB661E257C6}.Debug|Any CPU.ActiveCfg = Debug|Any CPU
		{C6B6CC21-81F9-4EB7-962D-3EB661E257C6}.Debug|Any CPU.Build.0 = Debug|Any CPU
		{C6B6CC21-81F9-4EB7-962D-3EB661E257C6}.Release|Any CPU.ActiveCfg = Release|Any CPU
		{C6B6CC21-81F9-4EB7-962D-3EB661E257C6}.Release|Any CPU.Build.0 = Release|Any CPU
	EndGlobalSection
	GlobalSection(SolutionProperties) = preSolution
		HideSolutionNode = FALSE
	EndGlobalSection
	GlobalSection(ExtensibilityGlobals) = postSolution
		SolutionGuid = {030B68BD-8B0C-4584-B027-DAE93F2ED4DF}
	EndGlobalSection
EndGlobal
